{
  "name": "prisma",
  "version": "1.0.0",
  "lockfileVersion": 2,
  "requires": true,
  "packages": {
    "": {
      "name": "prisma",
      "version": "1.0.0",
      "license": "ISC",
      "dependencies": {
        "prisma-client": "^0.0.0"
      }
    },
    "node_modules/prisma-client": {
      "version": "0.0.0",
      "resolved": "https://registry.npmjs.org/prisma-client/-/prisma-client-0.0.0.tgz",
      "integrity": "sha512-tbK0ZaUt4E9IkQalS+2V5dv45lTcwxWNSXenRNEgSuzTJWW3T6SUgBfuk0gUS5wC07eQNEOU6/SVomVL/hsaHw=="
    }
  },
  "dependencies": {
    "prisma-client": {
      "version": "0.0.0",
      "resolved": "https://registry.npmjs.org/prisma-client/-/prisma-client-0.0.0.tgz",
      "integrity": "sha512-tbK0ZaUt4E9IkQalS+2V5dv45lTcwxWNSXenRNEgSuzTJWW3T6SUgBfuk0gUS5wC07eQNEOU6/SVomVL/hsaHw=="
    }
  }
}
